
Microsoft Visual Studio Solution File, Format Version 12.00
# Visual Studio 15
Project("{FAE04EC0-301F-11D3-BF4B-00C04F79EFBC}") = "Fusion.Unity.Editor", "Fusion.Unity.Editor.csproj", "{619C0D16-B1FD-DE57-EE28-2BECC310CB21}"
EndProject
Project("{FAE04EC0-301F-11D3-BF4B-00C04F79EFBC}") = "Assembly-CSharp", "Assembly-CSharp.csproj", "{035F6D43-E1D2-C2BD-7900-BD01C02B8712}"
EndProject
Project("{FAE04EC0-301F-11D3-BF4B-00C04F79EFBC}") = "Fusion.Unity", "Fusion.Unity.csproj", "{C6047816-64E9-9DDA-72F6-4422F5E38ADC}"
EndProject
Project("{FAE04EC0-301F-11D3-BF4B-00C04F79EFBC}") = "Fusion.Addons.Physics", "Fusion.Addons.Physics.csproj", "{3BC89058-4DF9-4FBB-2065-49A788144F2F}"
EndProject
Project("{FAE04EC0-301F-11D3-BF4B-00C04F79EFBC}") = "Unity.Fusion.CodeGen", "Unity.Fusion.CodeGen.csproj", "{07F317AE-4AD7-B15B-7A98-6FC94734377D}"
EndProject
Project("{FAE04EC0-301F-11D3-BF4B-00C04F79EFBC}") = "Fusion.Addons.Physics.Editor", "Fusion.Addons.Physics.Editor.csproj", "{8E617F52-7E30-4F84-C934-29C4C452AA47}"
EndProject
Global
	GlobalSection(SolutionConfigurationPlatforms) = preSolution
		Debug|Any CPU = Debug|Any CPU
		Release|Any CPU = Release|Any CPU
	EndGlobalSection
	GlobalSection(ProjectConfigurationPlatforms) = postSolution
		{619C0D16-B1FD-DE57-EE28-2BECC310CB21}.Debug|Any CPU.ActiveCfg = Debug|Any CPU
		{619C0D16-B1FD-DE57-EE28-2BECC310CB21}.Debug|Any CPU.Build.0 = Debug|Any CPU
		{619C0D16-B1FD-DE57-EE28-2BECC310CB21}.Release|Any CPU.ActiveCfg = Release|Any CPU
		{619C0D16-B1FD-DE57-EE28-2BECC310CB21}.Release|Any CPU.Build.0 = Release|Any CPU
		{035F6D43-E1D2-C2BD-7900-BD01C02B8712}.Debug|Any CPU.ActiveCfg = Debug|Any CPU
		{035F6D43-E1D2-C2BD-7900-BD01C02B8712}.Debug|Any CPU.Build.0 = Debug|Any CPU
		{035F6D43-E1D2-C2BD-7900-BD01C02B8712}.Release|Any CPU.ActiveCfg = Release|Any CPU
		{035F6D43-E1D2-C2BD-7900-BD01C02B8712}.Release|Any CPU.Build.0 = Release|Any CPU
		{C6047816-64E9-9DDA-72F6-4422F5E38ADC}.Debug|Any CPU.ActiveCfg = Debug|Any CPU
		{C6047816-64E9-9DDA-72F6-4422F5E38ADC}.Debug|Any CPU.Build.0 = Debug|Any CPU
		{C6047816-64E9-9DDA-72F6-4422F5E38ADC}.Release|Any CPU.ActiveCfg = Release|Any CPU
		{C6047816-64E9-9DDA-72F6-4422F5E38ADC}.Release|Any CPU.Build.0 = Release|Any CPU
		{3BC89058-4DF9-4FBB-2065-49A788144F2F}.Debug|Any CPU.ActiveCfg = Debug|Any CPU
		{3BC89058-4DF9-4FBB-2065-49A788144F2F}.Debug|Any CPU.Build.0 = Debug|Any CPU
		{3BC89058-4DF9-4FBB-2065-49A788144F2F}.Release|Any CPU.ActiveCfg = Release|Any CPU
		{3BC89058-4DF9-4FBB-2065-49A788144F2F}.Release|Any CPU.Build.0 = Release|Any CPU
		{07F317AE-4AD7-B15B-7A98-6FC94734377D}.Debug|Any CPU.ActiveCfg = Debug|Any CPU
		{07F317AE-4AD7-B15B-7A98-6FC94734377D}.Debug|Any CPU.Build.0 = Debug|Any CPU
		{07F317AE-4AD7-B15B-7A98-6FC94734377D}.Release|Any CPU.ActiveCfg = Release|Any CPU
		{07F317AE-4AD7-B15B-7A98-6FC94734377D}.Release|Any CPU.Build.0 = Release|Any CPU
		{8E617F52-7E30-4F84-C934-29C4C452AA47}.Debug|Any CPU.ActiveCfg = Debug|Any CPU
		{8E617F52-7E30-4F84-C934-29C4C452AA47}.Debug|Any CPU.Build.0 = Debug|Any CPU
		{8E617F52-7E30-4F84-C934-29C4C452AA47}.Release|Any CPU.ActiveCfg = Release|Any CPU
		{8E617F52-7E30-4F84-C934-29C4C452AA47}.Release|Any CPU.Build.0 = Release|Any CPU
	EndGlobalSection
	GlobalSection(SolutionProperties) = preSolution
		HideSolutionNode = FALSE
	EndGlobalSection
EndGlobal
